Microsoft Visual Studio Solution File, Format Version 12.00
# Visual Studio Version 17
VisualStudioVersion = 17.5.2.0
MinimumVisualStudioVersion = 10.0.40219.1
Project("{FAE04EC0-301F-11D3-BF4B-00C04F79EFBC}") = "poo-prova", "poo-prova.csproj", "{10E3C7B3-E01D-9C6A-742E-B06E284E5095}"
EndProject
Global
	GlobalSection(SolutionConfigurationPlatforms) = preSolution
		Debug|Any CPU = Debug|Any CPU
		Release|Any CPU = Release|Any CPU
	EndGlobalSection
	GlobalSection(ProjectConfigurationPlatforms) = postSolution
		{10E3C7B3-E01D-9C6A-742E-B06E284E5095}.Debug|Any CPU.ActiveCfg = Debug|Any CPU
		{10E3C7B3-E01D-9C6A-742E-B06E284E5095}.Debug|Any CPU.Build.0 = Debug|Any CPU
		{10E3C7B3-E01D-9C6A-742E-B06E284E5095}.Release|Any CPU.ActiveCfg = Release|Any CPU
		{10E3C7B3-E01D-9C6A-742E-B06E284E5095}.Release|Any CPU.Build.0 = Release|Any CPU
	EndGlobalSection
	GlobalSection(SolutionProperties) = preSolution
		HideSolutionNode = FALSE
	EndGlobalSection
	GlobalSection(ExtensibilityGlobals) = postSolution
		SolutionGuid = {D43A9EB5-D698-4DDC-A751-476D2B0479A8}
	EndGlobalSection
EndGlobal
